
Microsoft Visual Studio Solution File, Format Version 12.00
# Visual Studio Version 17
VisualStudioVersion = 17.4.33110.190
MinimumVisualStudioVersion = 10.0.40219.1
Project("{FAE04EC0-301F-11D3-BF4B-00C04F79EFBC}") = "lab0A", "lab0A.csproj", "{D91124F8-E11A-4D0E-9F96-8FFAB9C215CA}"
EndProject
Global
	GlobalSection(SolutionConfigurationPlatforms) = preSolution
		Debug|Any CPU = Debug|Any CPU
		Release|Any CPU = Release|Any CPU
	EndGlobalSection
	GlobalSection(ProjectConfigurationPlatforms) = postSolution
		{D91124F8-E11A-4D0E-9F96-8FFAB9C215CA}.Debug|Any CPU.ActiveCfg = Debug|Any CPU
		{D91124F8-E11A-4D0E-9F96-8FFAB9C215CA}.Debug|Any CPU.Build.0 = Debug|Any CPU
		{D91124F8-E11A-4D0E-9F96-8FFAB9C215CA}.Release|Any CPU.ActiveCfg = Release|Any CPU
		{D91124F8-E11A-4D0E-9F96-8FFAB9C215CA}.Release|Any CPU.Build.0 = Release|Any CPU
	EndGlobalSection
	GlobalSection(SolutionProperties) = preSolution
		HideSolutionNode = FALSE
	EndGlobalSection
	GlobalSection(ExtensibilityGlobals) = postSolution
		SolutionGuid = {0FBD046E-4AC9-4F61-890D-F96997CB6899}
	EndGlobalSection
EndGlobal
